{
  "name": "angular-electron",
  "version": "14.0.1",
  "lockfileVersion": 2,
  "requires": true,
  "packages": {
    "": {
      "name": "angular-electron",
      "version": "14.0.1",
      "dependencies": {
        "angular-electron": "file:"
      }
    },
    "node_modules/angular-electron": {
      "resolved": "",
      "link": true
    }
  },
  "dependencies": {
    "angular-electron": {
      "version": "file:",
      "requires": {
        "angular-electron": "file:"
      }
    }
  }
}
